
Microsoft Visual Studio Solution File, Format Version 12.00
# Visual Studio Version 17
VisualStudioVersion = 17.10.35013.160
MinimumVisualStudioVersion = 10.0.40219.1
Project("{9A19103F-16F7-4668-BE54-9A1E7A4F7556}") = "SeegaLogic", "SeegaLogic\SeegaLogic.csproj", "{2255EB0C-2EA8-4901-9DE1-3AAFDAF78EE9}"
EndProject
Project("{9A19103F-16F7-4668-BE54-9A1E7A4F7556}") = "Sockets", "Sockets\Sockets.csproj", "{B8ACF85F-22B9-4BBB-944C-4B62A65E7DAA}"
EndProject
Project("{FAE04EC0-301F-11D3-BF4B-00C04F79EFBC}") = "SeegaUI", "SeegaUI\SeegaUI.csproj", "{024E4BFC-A35C-4615-8A04-E4248A2469E5}"
EndProject
Global
	GlobalSection(SolutionConfigurationPlatforms) = preSolution
		Debug|Any CPU = Debug|Any CPU
		Release|Any CPU = Release|Any CPU
	EndGlobalSection
	GlobalSection(ProjectConfigurationPlatforms) = postSolution
		{2255EB0C-2EA8-4901-9DE1-3AAFDAF78EE9}.Debug|Any CPU.ActiveCfg = Debug|Any CPU
		{2255EB0C-2EA8-4901-9DE1-3AAFDAF78EE9}.Debug|Any CPU.Build.0 = Debug|Any CPU
		{2255EB0C-2EA8-4901-9DE1-3AAFDAF78EE9}.Release|Any CPU.ActiveCfg = Release|Any CPU
		{2255EB0C-2EA8-4901-9DE1-3AAFDAF78EE9}.Release|Any CPU.Build.0 = Release|Any CPU
		{B8ACF85F-22B9-4BBB-944C-4B62A65E7DAA}.Debug|Any CPU.ActiveCfg = Debug|Any CPU
		{B8ACF85F-22B9-4BBB-944C-4B62A65E7DAA}.Debug|Any CPU.Build.0 = Debug|Any CPU
		{B8ACF85F-22B9-4BBB-944C-4B62A65E7DAA}.Release|Any CPU.ActiveCfg = Release|Any CPU
		{B8ACF85F-22B9-4BBB-944C-4B62A65E7DAA}.Release|Any CPU.Build.0 = Release|Any CPU
		{024E4BFC-A35C-4615-8A04-E4248A2469E5}.Debug|Any CPU.ActiveCfg = Debug|Any CPU
		{024E4BFC-A35C-4615-8A04-E4248A2469E5}.Debug|Any CPU.Build.0 = Debug|Any CPU
		{024E4BFC-A35C-4615-8A04-E4248A2469E5}.Release|Any CPU.ActiveCfg = Release|Any CPU
		{024E4BFC-A35C-4615-8A04-E4248A2469E5}.Release|Any CPU.Build.0 = Release|Any CPU
	EndGlobalSection
	GlobalSection(SolutionProperties) = preSolution
		HideSolutionNode = FALSE
	EndGlobalSection
	GlobalSection(ExtensibilityGlobals) = postSolution
		SolutionGuid = {C83C4944-B261-4F38-8158-26D986C5F338}
	EndGlobalSection
EndGlobal
